// !$*UTF8*$!
{
	archiveVersion = 1;
	classes = {
	};
	objectVersion = 46;
	objects = {

/* Begin PBXBuildFile section */
		03E05F2220BDC5BF00A987F1 /* PopDatePicker.swift in Sources */ = {isa = PBXBuildFile; fileRef = 03E05F2120BDC5BF00A987F1 /* PopDatePicker.swift */; };
		5BC817151AE7D9C900C284AD /* AppDelegate.swift in Sources */ = {isa = PBXBuildFile; fileRef = 5BC817141AE7D9C900C284AD /* AppDelegate.swift */; };
		5BC817171AE7D9C900C284AD /* ViewController.swift in Sources */ = {isa = PBXBuildFile; fileRef = 5BC817161AE7D9C900C284AD /* ViewController.swift */; };
		5BC817191AE7D9C900C284AD /* Images.xcassets in Resources */ = {isa = PBXBuildFile; fileRef = 5BC817181AE7D9C900C284AD /* Images.xcassets */; };
		5BC8171C1AE7D9C900C284AD /* Main.storyboard in Resources */ = {isa = PBXBuildFile; fileRef = 5BC8171A1AE7D9C900C284AD /* Main.storyboard */; };
		5BC817281AE7D9C900C284AD /* PopDatePicker_DemoTests.swift in Sources */ = {isa = PBXBuildFile; fileRef = 5BC817271AE7D9C900C284AD /* PopDatePicker_DemoTests.swift */; };
/* End PBXBuildFile section */

/* Begin PBXContainerItemProxy section */
		5BC817221AE7D9C900C284AD /* PBXContainerItemProxy */ = {
			isa = PBXContainerItemProxy;
			containerPortal = 5BC816E71AE7D99800C284AD /* Project object */;
			proxyType = 1;
			remoteGlobalIDString = 5BC8170F1AE7D9C900C284AD;
			remoteInfo = "PopDatePicker Demo";
		};
/* End PBXContainerItemProxy section */

/* Begin PBXFileReference section */
		03E05F2120BDC5BF00A987F1 /* PopDatePicker.swift */ = {isa = PBXFileReference; fileEncoding = 4; lastKnownFileType = sourcecode.swift; name = PopDatePicker.swift; path = PopDatePicker/PopDatePicker.swift; sourceTree = SOURCE_ROOT; };
		5BC817101AE7D9C900C284AD /* PopDatePicker Demo.app */ = {isa = PBXFileReference; explicitFileType = wrapper.application; includeInIndex = 0; path = "PopDatePicker Demo.app"; sourceTree = BUILT_PRODUCTS_DIR; };
		5BC817131AE7D9C900C284AD /* Info.plist */ = {isa = PBXFileReference; lastKnownFileType = text.plist.xml; path = Info.plist; sourceTree = "<group>"; };
		5BC817141AE7D9C900C284AD /* AppDelegate.swift */ = {isa = PBXFileReference; lastKnownFileType = sourcecode.swift; path = AppDelegate.swift; sourceTree = "<group>"; };
		5BC817161AE7D9C900C284AD /* ViewController.swift */ = {isa = PBXFileReference; lastKnownFileType = sourcecode.swift; path = ViewController.swift; sourceTree = "<group>"; };
		5BC817181AE7D9C900C284AD /* Images.xcassets */ = {isa = PBXFileReference; lastKnownFileType = folder.assetcatalog; path = Images.xcassets; sourceTree = "<group>"; };
		5BC8171B1AE7D9C900C284AD /* Base */ = {isa = PBXFileReference; lastKnownFileType = file.storyboard; name = Base; path = Base.lproj/Main.storyboard; sourceTree = "<group>"; };
		5BC817211AE7D9C900C284AD /* PopDatePicker DemoTests.xctest */ = {isa = PBXFileReference; explicitFileType = wrapper.cfbundle; includeInIndex = 0; path = "PopDatePicker DemoTests.xctest"; sourceTree = BUILT_PRODUCTS_DIR; };
		5BC817261AE7D9C900C284AD /* Info.plist */ = {isa = PBXFileReference; lastKnownFileType = text.plist.xml; path = Info.plist; sourceTree = "<group>"; };
		5BC817271AE7D9C900C284AD /* PopDatePicker_DemoTests.swift */ = {isa = PBXFileReference; lastKnownFileType = sourcecode.swift; path = PopDatePicker_DemoTests.swift; sourceTree = "<group>"; };
/* End PBXFileReference section */

/* Begin PBXFrameworksBuildPhase section */
		5BC8170D1AE7D9C900C284AD /* Frameworks */ = {
			isa = PBXFrameworksBuildPhase;
			buildActionMask = 2147483647;
			files = (
			);
			runOnlyForDeploymentPostprocessing = 0;
		};
		5BC8171E1AE7D9C900C284AD /* Frameworks */ = {
			isa = PBXFrameworksBuildPhase;
			buildActionMask = 2147483647;
			files = (
			);
			runOnlyForDeploymentPostprocessing = 0;
		};
/* End PBXFrameworksBuildPhase section */

/* Begin PBXGroup section */
		5BC816E61AE7D99800C284AD = {
			isa = PBXGroup;
			children = (
				5BC817111AE7D9C900C284AD /* PopDatePicker Demo */,
				5BC817241AE7D9C900C284AD /* PopDatePicker DemoTests */,
				5BC816F11AE7D99800C284AD /* Products */,
			);
			sourceTree = "<group>";
		};
		5BC816F11AE7D99800C284AD /* Products */ = {
			isa = PBXGroup;
			children = (
				5BC817101AE7D9C900C284AD /* PopDatePicker Demo.app */,
				5BC817211AE7D9C900C284AD /* PopDatePicker DemoTests.xctest */,
			);
			name = Products;
			sourceTree = "<group>";
		};
		5BC817111AE7D9C900C284AD /* PopDatePicker Demo */ = {
			isa = PBXGroup;
			children = (
				03E05F2120BDC5BF00A987F1 /* PopDatePicker.swift */,
				5BC817141AE7D9C900C284AD /* AppDelegate.swift */,
				5BC817161AE7D9C900C284AD /* ViewController.swift */,
				5BC817181AE7D9C900C284AD /* Images.xcassets */,
				5BC8171A1AE7D9C900C284AD /* Main.storyboard */,
				5BC817121AE7D9C900C284AD /* Supporting Files */,
			);
			path = "PopDatePicker Demo";
			sourceTree = "<group>";
		};
		5BC817121AE7D9C900C284AD /* Supporting Files */ = {
			isa = PBXGroup;
			children = (
				5BC817131AE7D9C900C284AD /* Info.plist */,
			);
			name = "Supporting Files";
			sourceTree = "<group>";
		};
		5BC817241AE7D9C900C284AD /* PopDatePicker DemoTests */ = {
			isa = PBXGroup;
			children = (
				5BC817271AE7D9C900C284AD /* PopDatePicker_DemoTests.swift */,
				5BC817251AE7D9C900C284AD /* Supporting Files */,
			);
			path = "PopDatePicker DemoTests";
			sourceTree = "<group>";
		};
		5BC817251AE7D9C900C284AD /* Supporting Files */ = {
			isa = PBXGroup;
			children = (
				5BC817261AE7D9C900C284AD /* Info.plist */,
			);
			name = "Supporting Files";
			sourceTree = "<group>";
		};
/* End PBXGroup section */

/* Begin PBXNativeTarget section */
		5BC8170F1AE7D9C900C284AD /* PopDatePicker Demo */ = {
			isa = PBXNativeTarget;
			buildConfigurationList = 5BC817291AE7D9C900C284AD /* Build configuration list for PBXNativeTarget "PopDatePicker Demo" */;
			buildPhases = (
				5BC8170C1AE7D9C900C284AD /* Sources */,
				5BC8170D1AE7D9C900C284AD /* Frameworks */,
				5BC8170E1AE7D9C900C284AD /* Resources */,
			);
			buildRules = (
			);
			dependencies = (
			);
			name = "PopDatePicker Demo";
			productName = "PopDatePicker Demo";
			productReference = 5BC817101AE7D9C900C284AD /* PopDatePicker Demo.app */;
			productType = "com.apple.product-type.application";
		};
		5BC817201AE7D9C900C284AD /* PopDatePicker DemoTests */ = {
			isa = PBXNativeTarget;
			buildConfigurationList = 5BC8172C1AE7D9C900C284AD /* Build configuration list for PBXNativeTarget "PopDatePicker DemoTests" */;
			buildPhases = (
				5BC8171D1AE7D9C900C284AD /* Sources */,
				5BC8171E1AE7D9C900C284AD /* Frameworks */,
				5BC8171F1AE7D9C900C284AD /* Resources */,
			);
			buildRules = (
			);
			dependencies = (
				5BC817231AE7D9C900C284AD /* PBXTargetDependency */,
			);
			name = "PopDatePicker DemoTests";
			productName = "PopDatePicker DemoTests";
			productReference = 5BC817211AE7D9C900C284AD /* PopDatePicker DemoTests.xctest */;
			productType = "com.apple.product-type.bundle.unit-test";
		};
/* End PBXNativeTarget section */

/* Begin PBXProject section */
		5BC816E71AE7D99800C284AD /* Project object */ = {
			isa = PBXProject;
			attributes = {
				LastSwiftMigration = 0700;
				LastSwiftUpdateCheck = 0700;
				LastUpgradeCheck = 0940;
				ORGANIZATIONNAME = "Adam Hartford";
				TargetAttributes = {
					5BC8170F1AE7D9C900C284AD = {
						CreatedOnToolsVersion = 6.3.1;
						DevelopmentTeam = 9QAVRMMZHB;
						LastSwiftMigration = 0940;
					};
					5BC817201AE7D9C900C284AD = {
						CreatedOnToolsVersion = 6.3.1;
						LastSwiftMigration = 0940;
						TestTargetID = 5BC8170F1AE7D9C900C284AD;
					};
				};
			};
			buildConfigurationList = 5BC816EA1AE7D99800C284AD /* Build configuration list for PBXProject "PopDatePicker" */;
			compatibilityVersion = "Xcode 3.2";
			developmentRegion = English;
			hasScannedForEncodings = 0;
			knownRegions = (
				en,
				Base,
			);
			mainGroup = 5BC816E61AE7D99800C284AD;
			productRefGroup = 5BC816F11AE7D99800C284AD /* Products */;
			projectDirPath = "";
			projectRoot = "";
			targets = (
				5BC8170F1AE7D9C900C284AD /* PopDatePicker Demo */,
				5BC817201AE7D9C900C284AD /* PopDatePicker DemoTests */,
			);
		};
/* End PBXProject section */

/* Begin PBXResourcesBuildPhase section */
		5BC8170E1AE7D9C900C284AD /* Resources */ = {
			isa = PBXResourcesBuildPhase;
			buildActionMask = 2147483647;
			files = (
				5BC817191AE7D9C900C284AD /* Images.xcassets in Resources */,
				5BC8171C1AE7D9C900C284AD /* Main.storyboard in Resources */,
			);
			runOnlyForDeploymentPostprocessing = 0;
		};
		5BC8171F1AE7D9C900C284AD /* Resources */ = {
			isa = PBXResourcesBuildPhase;
			buildActionMask = 2147483647;
			files = (
			);
			runOnlyForDeploymentPostprocessing = 0;
		};
/* End PBXResourcesBuildPhase section */

/* Begin PBXSourcesBuildPhase section */
		5BC8170C1AE7D9C900C284AD /* Sources */ = {
			isa = PBXSourcesBuildPhase;
			buildActionMask = 2147483647;
			files = (
				03E05F2220BDC5BF00A987F1 /* PopDatePicker.swift in Sources */,
				5BC817171AE7D9C900C284AD /* ViewController.swift in Sources */,
				5BC817151AE7D9C900C284AD /* AppDelegate.swift in Sources */,
			);
			runOnlyForDeploymentPostprocessing = 0;
		};
		5BC8171D1AE7D9C900C284AD /* Sources */ = {
			isa = PBXSourcesBuildPhase;
			buildActionMask = 2147483647;
			files = (
				5BC817281AE7D9C900C284AD /* PopDatePicker_DemoTests.swift in Sources */,
			);
			runOnlyForDeploymentPostprocessing = 0;
		};
/* End PBXSourcesBuildPhase section */

/* Begin PBXTargetDependency section */
		5BC817231AE7D9C900C284AD /* PBXTargetDependency */ = {
			isa = PBXTargetDependency;
			target = 5BC8170F1AE7D9C900C284AD /* PopDatePicker Demo */;
			targetProxy = 5BC817221AE7D9C900C284AD /* PBXContainerItemProxy */;
		};
/* End PBXTargetDependency section */

/* Begin PBXVariantGroup section */
		5BC8171A1AE7D9C900C284AD /* Main.storyboard */ = {
			isa = PBXVariantGroup;
			children = (
				5BC8171B1AE7D9C900C284AD /* Base */,
			);
			name = Main.storyboard;
			sourceTree = "<group>";
		};
/* End PBXVariantGroup section */

/* Begin XCBuildConfiguration section */
		5BC817041AE7D99800C284AD /* Debug */ = {
			isa = XCBuildConfiguration;
			buildSettings = {
				ALWAYS_SEARCH_USER_PATHS = NO;
				CLANG_CXX_LANGUAGE_STANDARD = "gnu++0x";
				CLANG_CXX_LIBRARY = "libc++";
				CLANG_ENABLE_MODULES = YES;
				CLANG_ENABLE_OBJC_ARC = YES;
				CLANG_WARN_BLOCK_CAPTURE_AUTORELEASING = YES;
				CLANG_WARN_BOOL_CONVERSION = YES;
				CLANG_WARN_COMMA = YES;
				CLANG_WARN_CONSTANT_CONVERSION = YES;
				CLANG_WARN_DEPRECATED_OBJC_IMPLEMENTATIONS = YES;
				CLANG_WARN_DIRECT_OBJC_ISA_USAGE = YES_ERROR;
				CLANG_WARN_EMPTY_BODY = YES;
				CLANG_WARN_ENUM_CONVERSION = YES;
				CLANG_WARN_INFINITE_RECURSION = YES;
				CLANG_WARN_INT_CONVERSION = YES;
				CLANG_WARN_NON_LITERAL_NULL_CONVERSION = YES;
				CLANG_WARN_OBJC_IMPLICIT_RETAIN_SELF = YES;
				CLANG_WARN_OBJC_LITERAL_CONVERSION = YES;
				CLANG_WARN_OBJC_ROOT_CLASS = YES_ERROR;
				CLANG_WARN_RANGE_LOOP_ANALYSIS = YES;
				CLANG_WARN_STRICT_PROTOTYPES = YES;
				CLANG_WARN_SUSPICIOUS_MOVE = YES;
				CLANG_WARN_UNREACHABLE_CODE = YES;
				CLANG_WARN__DUPLICATE_METHOD_MATCH = YES;
				COPY_PHASE_STRIP = NO;
				CURRENT_PROJECT_VERSION = 1;
				DEBUG_INFORMATION_FORMAT = dwarf;
				ENABLE_STRICT_OBJC_MSGSEND = YES;
				ENABLE_TESTABILITY = YES;
				GCC_C_LANGUAGE_STANDARD = gnu99;
				GCC_DYNAMIC_NO_PIC = NO;
				GCC_NO_COMMON_BLOCKS = YES;
				GCC_OPTIMIZATION_LEVEL = 0;
				GCC_PREPROCESSOR_DEFINITIONS = (
					"DEBUG=1",
					"$(inherited)",
				);
				GCC_SYMBOLS_PRIVATE_EXTERN = NO;
				GCC_WARN_64_TO_32_BIT_CONVERSION = YES;
				GCC_WARN_ABOUT_RETURN_TYPE = YES_ERROR;
				GCC_WARN_UNDECLARED_SELECTOR = YES;
				GCC_WARN_UNINITIALIZED_AUTOS = YES_AGGRESSIVE;
				GCC_WARN_UNUSED_FUNCTION = YES;
				GCC_WARN_UNUSED_VARIABLE = YES;
				MACOSX_DEPLOYMENT_TARGET = 10.13;
				MTL_ENABLE_DEBUG_INFO = YES;
				ONLY_ACTIVE_ARCH = YES;
				SDKROOT = macosx;
				SWIFT_OPTIMIZATION_LEVEL = "-Onone";
				SWIFT_VERSION = 4.0;
				VERSIONING_SYSTEM = "apple-generic";
				VERSION_INFO_PREFIX = "";
			};
			name = Debug;
		};
		5BC817051AE7D99800C284AD /* Release */ = {
			isa = XCBuildConfiguration;
			buildSettings = {
				ALWAYS_SEARCH_USER_PATHS = NO;
				CLANG_CXX_LANGUAGE_STANDARD = "gnu++0x";
				CLANG_CXX_LIBRARY = "libc++";
				CLANG_ENABLE_MODULES = YES;
				CLANG_ENABLE_OBJC_ARC = YES;
				CLANG_WARN_BLOCK_CAPTURE_AUTORELEASING = YES;
				CLANG_WARN_BOOL_CONVERSION = YES;
				CLANG_WARN_COMMA = YES;
				CLANG_WARN_CONSTANT_CONVERSION = YES;
				CLANG_WARN_DEPRECATED_OBJC_IMPLEMENTATIONS = YES;
				CLANG_WARN_DIRECT_OBJC_ISA_USAGE = YES_ERROR;
				CLANG_WARN_EMPTY_BODY = YES;
				CLANG_WARN_ENUM_CONVERSION = YES;
				CLANG_WARN_INFINITE_RECURSION = YES;
				CLANG_WARN_INT_CONVERSION = YES;
				CLANG_WARN_NON_LITERAL_NULL_CONVERSION = YES;
				CLANG_WARN_OBJC_IMPLICIT_RETAIN_SELF = YES;
				CLANG_WARN_OBJC_LITERAL_CONVERSION = YES;
				CLANG_WARN_OBJC_ROOT_CLASS = YES_ERROR;
				CLANG_WARN_RANGE_LOOP_ANALYSIS = YES;
				CLANG_WARN_STRICT_PROTOTYPES = YES;
				CLANG_WARN_SUSPICIOUS_MOVE = YES;
				CLANG_WARN_UNREACHABLE_CODE = YES;
				CLANG_WARN__DUPLICATE_METHOD_MATCH = YES;
				COPY_PHASE_STRIP = NO;
				CURRENT_PROJECT_VERSION = 1;
				DEBUG_INFORMATION_FORMAT = "dwarf-with-dsym";
				ENABLE_NS_ASSERTIONS = NO;
				ENABLE_STRICT_OBJC_MSGSEND = YES;
				GCC_C_LANGUAGE_STANDARD = gnu99;
				GCC_NO_COMMON_BLOCKS = YES;
				GCC_WARN_64_TO_32_BIT_CONVERSION = YES;
				GCC_WARN_ABOUT_RETURN_TYPE = YES_ERROR;
				GCC_WARN_UNDECLARED_SELECTOR = YES;
				GCC_WARN_UNINITIALIZED_AUTOS = YES_AGGRESSIVE;
				GCC_WARN_UNUSED_FUNCTION = YES;
				GCC_WARN_UNUSED_VARIABLE = YES;
				MACOSX_DEPLOYMENT_TARGET = 10.13;
				MTL_ENABLE_DEBUG_INFO = NO;
				SDKROOT = macosx;
				SWIFT_COMPILATION_MODE = wholemodule;
				SWIFT_VERSION = 4.0;
				VERSIONING_SYSTEM = "apple-generic";
				VERSION_INFO_PREFIX = "";
			};
			name = Release;
		};
		5BC8172A1AE7D9C900C284AD /* Debug */ = {
			isa = XCBuildConfiguration;
			buildSettings = {
				ASSETCATALOG_COMPILER_APPICON_NAME = AppIcon;
				COMBINE_HIDPI_IMAGES = YES;
				GCC_PREPROCESSOR_DEFINITIONS = (
					"DEBUG=1",
					"$(inherited)",
				);
				INFOPLIST_FILE = "PopDatePicker Demo/Info.plist";
				LD_RUNPATH_SEARCH_PATHS = "$(inherited) @executable_path/../Frameworks";
				OTHER_LDFLAGS = "";
				PRODUCT_BUNDLE_IDENTIFIER = "com.adamhartford.$(PRODUCT_NAME:rfc1034identifier)";
				PRODUCT_NAME = "$(TARGET_NAME)";
				SWIFT_SWIFT3_OBJC_INFERENCE = Default;
				SWIFT_VERSION = 4.0;
			};
			name = Debug;
		};
		5BC8172B1AE7D9C900C284AD /* Release */ = {
			isa = XCBuildConfiguration;
			buildSettings = {
				ASSETCATALOG_COMPILER_APPICON_NAME = AppIcon;
				COMBINE_HIDPI_IMAGES = YES;
				INFOPLIST_FILE = "PopDatePicker Demo/Info.plist";
				LD_RUNPATH_SEARCH_PATHS = "$(inherited) @executable_path/../Frameworks";
				OTHER_LDFLAGS = "";
				PRODUCT_BUNDLE_IDENTIFIER = "com.adamhartford.$(PRODUCT_NAME:rfc1034identifier)";
				PRODUCT_NAME = "$(TARGET_NAME)";
				SWIFT_SWIFT3_OBJC_INFERENCE = Default;
				SWIFT_VERSION = 4.0;
			};
			name = Release;
		};
		5BC8172D1AE7D9C900C284AD /* Debug */ = {
			isa = XCBuildConfiguration;
			buildSettings = {
				BUNDLE_LOADER = "$(TEST_HOST)";
				COMBINE_HIDPI_IMAGES = YES;
				FRAMEWORK_SEARCH_PATHS = (
					"$(DEVELOPER_FRAMEWORKS_DIR)",
					"$(inherited)",
				);
				GCC_PREPROCESSOR_DEFINITIONS = (
					"DEBUG=1",
					"$(inherited)",
				);
				INFOPLIST_FILE = "PopDatePicker DemoTests/Info.plist";
				LD_RUNPATH_SEARCH_PATHS = "$(inherited) @executable_path/../Frameworks @loader_path/../Frameworks";
				PRODUCT_BUNDLE_IDENTIFIER = "com.adamhartford.$(PRODUCT_NAME:rfc1034identifier)";
				PRODUCT_NAME = "$(TARGET_NAME)";
				SWIFT_SWIFT3_OBJC_INFERENCE = Default;
				SWIFT_VERSION = 4.0;
				TEST_HOST = "$(BUILT_PRODUCTS_DIR)/PopDatePicker Demo.app/Contents/MacOS/PopDatePicker Demo";
			};
			name = Debug;
		};
		5BC8172E1AE7D9C900C284AD /* Release */ = {
			isa = XCBuildConfiguration;
			buildSettings = {
				BUNDLE_LOADER = "$(TEST_HOST)";
				COMBINE_HIDPI_IMAGES = YES;
				FRAMEWORK_SEARCH_PATHS = (
					"$(DEVELOPER_FRAMEWORKS_DIR)",
					"$(inherited)",
				);
				INFOPLIST_FILE = "PopDatePicker DemoTests/Info.plist";
				LD_RUNPATH_SEARCH_PATHS = "$(inherited) @executable_path/../Frameworks @loader_path/../Frameworks";
				PRODUCT_BUNDLE_IDENTIFIER = "com.adamhartford.$(PRODUCT_NAME:rfc1034identifier)";
				PRODUCT_NAME = "$(TARGET_NAME)";
				SWIFT_SWIFT3_OBJC_INFERENCE = Default;
				SWIFT_VERSION = 4.0;
				TEST_HOST = "$(BUILT_PRODUCTS_DIR)/PopDatePicker Demo.app/Contents/MacOS/PopDatePicker Demo";
			};
			name = Release;
		};
/* End XCBuildConfiguration section */

/* Begin XCConfigurationList section */
		5BC816EA1AE7D99800C284AD /* Build configuration list for PBXProject "PopDatePicker" */ = {
			isa = XCConfigurationList;
			buildConfigurations = (
				5BC817041AE7D99800C284AD /* Debug */,
				5BC817051AE7D99800C284AD /* Release */,
			);
			defaultConfigurationIsVisible = 0;
			defaultConfigurationName = Release;
		};
		5BC817291AE7D9C900C284AD /* Build configuration list for PBXNativeTarget "PopDatePicker Demo" */ = {
			isa = XCConfigurationList;
			buildConfigurations = (
				5BC8172A1AE7D9C900C284AD /* Debug */,
				5BC8172B1AE7D9C900C284AD /* Release */,
			);
			defaultConfigurationIsVisible = 0;
			defaultConfigurationName = Release;
		};
		5BC8172C1AE7D9C900C284AD /* Build configuration list for PBXNativeTarget "PopDatePicker DemoTests" */ = {
			isa = XCConfigurationList;
			buildConfigurations = (
				5BC8172D1AE7D9C900C284AD /* Debug */,
				5BC8172E1AE7D9C900C284AD /* Release */,
			);
			defaultConfigurationIsVisible = 0;
			defaultConfigurationName = Release;
		};
/* End XCConfigurationList section */
	};
	rootObject = 5BC816E71AE7D99800C284AD /* Project object */;
}
